
Microsoft Visual Studio Solution File, Format Version 12.00
# Visual Studio Version 16
VisualStudioVersion = 16.0.32802.440
MinimumVisualStudioVersion = 10.0.40219.1
Project("{8BC9CEB8-8B4A-11D0-8D11-00A0C91BC942}") = "SP2_Lab_64", "SP2_Lab_64\SP2_Lab_64.vcxproj", "{EAB9BDB6-2548-494D-9D6B-A231793C658F}"
EndProject
Global
	GlobalSection(SolutionConfigurationPlatforms) = preSolution
		Debug|x64 = Debug|x64
		Debug|x86 = Debug|x86
		Release|x64 = Release|x64
		Release|x86 = Release|x86
	EndGlobalSection
	GlobalSection(ProjectConfigurationPlatforms) = postSolution
		{EAB9BDB6-2548-494D-9D6B-A231793C658F}.Debug|x64.ActiveCfg = Debug|x64
		{EAB9BDB6-2548-494D-9D6B-A231793C658F}.Debug|x64.Build.0 = Debug|x64
		{EAB9BDB6-2548-494D-9D6B-A231793C658F}.Debug|x86.ActiveCfg = Debug|Win32
		{EAB9BDB6-2548-494D-9D6B-A231793C658F}.Debug|x86.Build.0 = Debug|Win32
		{EAB9BDB6-2548-494D-9D6B-A231793C658F}.Release|x64.ActiveCfg = Release|x64
		{EAB9BDB6-2548-494D-9D6B-A231793C658F}.Release|x64.Build.0 = Release|x64
		{EAB9BDB6-2548-494D-9D6B-A231793C658F}.Release|x86.ActiveCfg = Release|Win32
		{EAB9BDB6-2548-494D-9D6B-A231793C658F}.Release|x86.Build.0 = Release|Win32
	EndGlobalSection
	GlobalSection(SolutionProperties) = preSolution
		HideSolutionNode = FALSE
	EndGlobalSection
	GlobalSection(ExtensibilityGlobals) = postSolution
		SolutionGuid = {B0821453-2401-41A6-8978-752FC8783A2B}
	EndGlobalSection
EndGlobal
